
Microsoft Visual Studio Solution File, Format Version 12.00
# Visual Studio 2012
Project("{FAE04EC0-301F-11D3-BF4B-00C04F79EFBC}") = "CoypuDriver", "CoypuDriver\CoypuDriver.csproj", "{805295C8-5ECA-4948-A65D-14B6EC6A87D3}"
EndProject
Project("{FAE04EC0-301F-11D3-BF4B-00C04F79EFBC}") = "CustomerUITests", "CustomerUITests\CustomerUITests.csproj", "{A8775FE9-D3A4-4A06-B025-810ECFC95EDB}"
EndProject
Global
	GlobalSection(SolutionConfigurationPlatforms) = preSolution
		Debug|Any CPU = Debug|Any CPU
		Release|Any CPU = Release|Any CPU
	EndGlobalSection
	GlobalSection(ProjectConfigurationPlatforms) = postSolution
		{805295C8-5ECA-4948-A65D-14B6EC6A87D3}.Debug|Any CPU.ActiveCfg = Debug|Any CPU
		{805295C8-5ECA-4948-A65D-14B6EC6A87D3}.Debug|Any CPU.Build.0 = Debug|Any CPU
		{805295C8-5ECA-4948-A65D-14B6EC6A87D3}.Release|Any CPU.ActiveCfg = Release|Any CPU
		{805295C8-5ECA-4948-A65D-14B6EC6A87D3}.Release|Any CPU.Build.0 = Release|Any CPU
		{A8775FE9-D3A4-4A06-B025-810ECFC95EDB}.Debug|Any CPU.ActiveCfg = Debug|Any CPU
		{A8775FE9-D3A4-4A06-B025-810ECFC95EDB}.Debug|Any CPU.Build.0 = Debug|Any CPU
		{A8775FE9-D3A4-4A06-B025-810ECFC95EDB}.Release|Any CPU.ActiveCfg = Release|Any CPU
		{A8775FE9-D3A4-4A06-B025-810ECFC95EDB}.Release|Any CPU.Build.0 = Release|Any CPU
	EndGlobalSection
	GlobalSection(SolutionProperties) = preSolution
		HideSolutionNode = FALSE
	EndGlobalSection
EndGlobal
